
Microsoft Visual Studio Solution File, Format Version 12.00
# Visual Studio 14
VisualStudioVersion = 14.0.25420.1
MinimumVisualStudioVersion = 10.0.40219.1
Project("{FAE04EC0-301F-11D3-BF4B-00C04F79EFBC}") = "StockManagenent", "StockManagenent\StockManagenent.csproj", "{156F2602-CBA6-48E5-8D9C-BDB03683DB7D}"
EndProject
Project("{FAE04EC0-301F-11D3-BF4B-00C04F79EFBC}") = "StockAvailable", "Stock\StockAvailable.csproj", "{C7D19ABF-23FD-4C58-BE16-8AEDFBE9D9BE}"
EndProject
Project("{FAE04EC0-301F-11D3-BF4B-00C04F79EFBC}") = "UpdateDelete", "UpdateDelete\UpdateDelete.csproj", "{9C0C5448-E261-43BF-9F01-87AD2995312E}"
EndProject
Global
	GlobalSection(SolutionConfigurationPlatforms) = preSolution
		Debug|Any CPU = Debug|Any CPU
		Release|Any CPU = Release|Any CPU
	EndGlobalSection
	GlobalSection(ProjectConfigurationPlatforms) = postSolution
		{156F2602-CBA6-48E5-8D9C-BDB03683DB7D}.Debug|Any CPU.ActiveCfg = Debug|Any CPU
		{156F2602-CBA6-48E5-8D9C-BDB03683DB7D}.Debug|Any CPU.Build.0 = Debug|Any CPU
		{156F2602-CBA6-48E5-8D9C-BDB03683DB7D}.Release|Any CPU.ActiveCfg = Release|Any CPU
		{156F2602-CBA6-48E5-8D9C-BDB03683DB7D}.Release|Any CPU.Build.0 = Release|Any CPU
		{C7D19ABF-23FD-4C58-BE16-8AEDFBE9D9BE}.Debug|Any CPU.ActiveCfg = Debug|Any CPU
		{C7D19ABF-23FD-4C58-BE16-8AEDFBE9D9BE}.Debug|Any CPU.Build.0 = Debug|Any CPU
		{C7D19ABF-23FD-4C58-BE16-8AEDFBE9D9BE}.Release|Any CPU.ActiveCfg = Release|Any CPU
		{C7D19ABF-23FD-4C58-BE16-8AEDFBE9D9BE}.Release|Any CPU.Build.0 = Release|Any CPU
		{9C0C5448-E261-43BF-9F01-87AD2995312E}.Debug|Any CPU.ActiveCfg = Debug|Any CPU
		{9C0C5448-E261-43BF-9F01-87AD2995312E}.Debug|Any CPU.Build.0 = Debug|Any CPU
		{9C0C5448-E261-43BF-9F01-87AD2995312E}.Release|Any CPU.ActiveCfg = Release|Any CPU
		{9C0C5448-E261-43BF-9F01-87AD2995312E}.Release|Any CPU.Build.0 = Release|Any CPU
	EndGlobalSection
	GlobalSection(SolutionProperties) = preSolution
		HideSolutionNode = FALSE
	EndGlobalSection
EndGlobal
